
Microsoft Visual Studio Solution File, Format Version 12.00
# Visual Studio Version 17
VisualStudioVersion = 17.2.32616.157
MinimumVisualStudioVersion = 10.0.40219.1
Project("{FAE04EC0-301F-11D3-BF4B-00C04F79EFBC}") = "ProvaPraticaGit", "ProvaPraticaGit\ProvaPraticaGit.csproj", "{563384D5-CC01-4D5A-9D1C-95AF049A4FB9}"
EndProject
Global
	GlobalSection(SolutionConfigurationPlatforms) = preSolution
		Debug|Any CPU = Debug|Any CPU
		Release|Any CPU = Release|Any CPU
	EndGlobalSection
	GlobalSection(ProjectConfigurationPlatforms) = postSolution
		{563384D5-CC01-4D5A-9D1C-95AF049A4FB9}.Debug|Any CPU.ActiveCfg = Debug|Any CPU
		{563384D5-CC01-4D5A-9D1C-95AF049A4FB9}.Debug|Any CPU.Build.0 = Debug|Any CPU
		{563384D5-CC01-4D5A-9D1C-95AF049A4FB9}.Release|Any CPU.ActiveCfg = Release|Any CPU
		{563384D5-CC01-4D5A-9D1C-95AF049A4FB9}.Release|Any CPU.Build.0 = Release|Any CPU
	EndGlobalSection
	GlobalSection(SolutionProperties) = preSolution
		HideSolutionNode = FALSE
	EndGlobalSection
	GlobalSection(ExtensibilityGlobals) = postSolution
		SolutionGuid = {1A2BB22E-6333-4200-A83A-DAC574186FB4}
	EndGlobalSection
EndGlobal
